{
  "nodes": {
    "nixpkgs": {
      "locked": {
        "lastModified": 1760183606,
        "narHash": "sha256-NEP3OvHnuKFoOyKlDEnT34jr2FaMd2fVFnDJpnWMWGI=",
        "owner": "NixOS",
        "repo": "nixpkgs",
        "rev": "d1f24b5903127c5f40bde75e04b177d8fcfbe6d3",
        "type": "github"
      },
      "original": {
        "owner": "NixOS",
        "ref": "release-25.05",
        "repo": "nixpkgs",
        "type": "github"
      }
    },
    "root": {
      "inputs": {
        "nixpkgs": "nixpkgs"
      }
    }
  },
  "root": "root",
  "version": 7
}
