{
  "nodes": {
    "nixpkgs": {
      "locked": {
        "lastModified": 1770136044,
        "narHash": "sha256-tlFqNG/uzz2++aAmn4v8J0vAkV3z7XngeIIB3rM3650=",
        "owner": "nixos",
        "repo": "nixpkgs",
        "rev": "e576e3c9cf9bad747afcddd9e34f51d18c855b4e",
        "type": "github"
      },
      "original": {
        "owner": "nixos",
        "ref": "nixos-25.11",
        "repo": "nixpkgs",
        "type": "github"
      }
    },
    "nur-anttiharju": {
      "inputs": {
        "nixpkgs": [
          "nixpkgs"
        ]
      },
      "locked": {
        "lastModified": 1769936508,
        "narHash": "sha256-mh3w3sLehS/Vh5VX8H+63m2EJvI/XCVyuv1PiKqfgco=",
        "owner": "anttiharju",
        "repo": "nur-packages",
        "rev": "99fa812cc7cad26dd894dbf8f60a5d8be9429fe8",
        "type": "github"
      },
      "original": {
        "owner": "anttiharju",
        "repo": "nur-packages",
        "type": "github"
      }
    },
    "root": {
      "inputs": {
        "nixpkgs": "nixpkgs",
        "nur-anttiharju": "nur-anttiharju"
      }
    }
  },
  "root": "root",
  "version": 7
}
